
Microsoft Visual Studio Solution File, Format Version 12.00
# Visual Studio 2013
VisualStudioVersion = 12.0.21005.1
MinimumVisualStudioVersion = 10.0.40219.1
Project("{FAE04EC0-301F-11D3-BF4B-00C04F79EFBC}") = "MangaRack", "MangaRack\MangaRack.csproj", "{DE71D021-1ED1-4C70-AE19-A61FD3745AC6}"
EndProject
Project("{FAE04EC0-301F-11D3-BF4B-00C04F79EFBC}") = "MangaRack.Core", "MangaRack.Core\MangaRack.Core.csproj", "{B607C003-C8AB-497D-BBB3-064DD5407B57}"
EndProject
Project("{FAE04EC0-301F-11D3-BF4B-00C04F79EFBC}") = "MangaRack.Provider", "MangaRack.Provider\MangaRack.Provider.csproj", "{B6A7094C-B53F-478C-BD6A-AB13CE057A2D}"
EndProject
Project("{FAE04EC0-301F-11D3-BF4B-00C04F79EFBC}") = "MangaRack.Provider.Batoto", "MangaRack.Provider.Batoto\MangaRack.Provider.Batoto.csproj", "{E0546636-B8A9-46B7-9FC6-97329CAA6777}"
EndProject
Project("{FAE04EC0-301F-11D3-BF4B-00C04F79EFBC}") = "MangaRack.Provider.KissManga", "MangaRack.Provider.KissManga\MangaRack.Provider.KissManga.csproj", "{43BEED45-3A9A-4D0E-B5E8-B66B407C04FD}"
EndProject
Project("{FAE04EC0-301F-11D3-BF4B-00C04F79EFBC}") = "MangaRack.Provider.MangaFox", "MangaRack.Provider.MangaFox\MangaRack.Provider.MangaFox.csproj", "{ADE13700-B08A-41AA-81EE-5985786DFDEC}"
EndProject
Project("{FAE04EC0-301F-11D3-BF4B-00C04F79EFBC}") = "TinyHttp", "TinyHttp\TinyHttp.csproj", "{44E9168C-6F4D-496E-8FC4-22CDEB1614E5}"
EndProject
Project("{FAE04EC0-301F-11D3-BF4B-00C04F79EFBC}") = "MangaRack.Analyze", "MangaRack.Analyze\MangaRack.Analyze.csproj", "{D9AC396B-0724-4C45-A5AB-2927E91D97D9}"
EndProject
Global
	GlobalSection(SolutionConfigurationPlatforms) = preSolution
		Debug|Any CPU = Debug|Any CPU
		Release|Any CPU = Release|Any CPU
	EndGlobalSection
	GlobalSection(ProjectConfigurationPlatforms) = postSolution
		{DE71D021-1ED1-4C70-AE19-A61FD3745AC6}.Debug|Any CPU.ActiveCfg = Debug|Any CPU
		{DE71D021-1ED1-4C70-AE19-A61FD3745AC6}.Debug|Any CPU.Build.0 = Debug|Any CPU
		{DE71D021-1ED1-4C70-AE19-A61FD3745AC6}.Release|Any CPU.ActiveCfg = Release|Any CPU
		{DE71D021-1ED1-4C70-AE19-A61FD3745AC6}.Release|Any CPU.Build.0 = Release|Any CPU
		{B607C003-C8AB-497D-BBB3-064DD5407B57}.Debug|Any CPU.ActiveCfg = Debug|Any CPU
		{B607C003-C8AB-497D-BBB3-064DD5407B57}.Debug|Any CPU.Build.0 = Debug|Any CPU
		{B607C003-C8AB-497D-BBB3-064DD5407B57}.Release|Any CPU.ActiveCfg = Release|Any CPU
		{B607C003-C8AB-497D-BBB3-064DD5407B57}.Release|Any CPU.Build.0 = Release|Any CPU
		{B6A7094C-B53F-478C-BD6A-AB13CE057A2D}.Debug|Any CPU.ActiveCfg = Debug|Any CPU
		{B6A7094C-B53F-478C-BD6A-AB13CE057A2D}.Debug|Any CPU.Build.0 = Debug|Any CPU
		{B6A7094C-B53F-478C-BD6A-AB13CE057A2D}.Release|Any CPU.ActiveCfg = Release|Any CPU
		{B6A7094C-B53F-478C-BD6A-AB13CE057A2D}.Release|Any CPU.Build.0 = Release|Any CPU
		{E0546636-B8A9-46B7-9FC6-97329CAA6777}.Debug|Any CPU.ActiveCfg = Debug|Any CPU
		{E0546636-B8A9-46B7-9FC6-97329CAA6777}.Debug|Any CPU.Build.0 = Debug|Any CPU
		{E0546636-B8A9-46B7-9FC6-97329CAA6777}.Release|Any CPU.ActiveCfg = Release|Any CPU
		{E0546636-B8A9-46B7-9FC6-97329CAA6777}.Release|Any CPU.Build.0 = Release|Any CPU
		{43BEED45-3A9A-4D0E-B5E8-B66B407C04FD}.Debug|Any CPU.ActiveCfg = Debug|Any CPU
		{43BEED45-3A9A-4D0E-B5E8-B66B407C04FD}.Debug|Any CPU.Build.0 = Debug|Any CPU
		{43BEED45-3A9A-4D0E-B5E8-B66B407C04FD}.Release|Any CPU.ActiveCfg = Release|Any CPU
		{43BEED45-3A9A-4D0E-B5E8-B66B407C04FD}.Release|Any CPU.Build.0 = Release|Any CPU
		{ADE13700-B08A-41AA-81EE-5985786DFDEC}.Debug|Any CPU.ActiveCfg = Debug|Any CPU
		{ADE13700-B08A-41AA-81EE-5985786DFDEC}.Debug|Any CPU.Build.0 = Debug|Any CPU
		{ADE13700-B08A-41AA-81EE-5985786DFDEC}.Release|Any CPU.ActiveCfg = Release|Any CPU
		{ADE13700-B08A-41AA-81EE-5985786DFDEC}.Release|Any CPU.Build.0 = Release|Any CPU
		{44E9168C-6F4D-496E-8FC4-22CDEB1614E5}.Debug|Any CPU.ActiveCfg = Debug|Any CPU
		{44E9168C-6F4D-496E-8FC4-22CDEB1614E5}.Debug|Any CPU.Build.0 = Debug|Any CPU
		{44E9168C-6F4D-496E-8FC4-22CDEB1614E5}.Release|Any CPU.ActiveCfg = Release|Any CPU
		{44E9168C-6F4D-496E-8FC4-22CDEB1614E5}.Release|Any CPU.Build.0 = Release|Any CPU
		{D9AC396B-0724-4C45-A5AB-2927E91D97D9}.Debug|Any CPU.ActiveCfg = Debug|Any CPU
		{D9AC396B-0724-4C45-A5AB-2927E91D97D9}.Debug|Any CPU.Build.0 = Debug|Any CPU
		{D9AC396B-0724-4C45-A5AB-2927E91D97D9}.Release|Any CPU.ActiveCfg = Release|Any CPU
		{D9AC396B-0724-4C45-A5AB-2927E91D97D9}.Release|Any CPU.Build.0 = Release|Any CPU
	EndGlobalSection
	GlobalSection(SolutionProperties) = preSolution
		HideSolutionNode = FALSE
	EndGlobalSection
EndGlobal
